
Microsoft Visual Studio Solution File, Format Version 12.00
# Visual Studio Version 16
VisualStudioVersion = 16.0.30128.36
MinimumVisualStudioVersion = 10.0.40219.1
Project("{FAE04EC0-301F-11D3-BF4B-00C04F79EFBC}") = "IPFixCollector", "IPFixCollector.csproj", "{3878FF53-7BE8-4CA4-8D8D-C1A3C1D0D9F7}"
EndProject
Global
	GlobalSection(SolutionConfigurationPlatforms) = preSolution
		Debug|Any CPU = Debug|Any CPU
		Release|Any CPU = Release|Any CPU
	EndGlobalSection
	GlobalSection(ProjectConfigurationPlatforms) = postSolution
		{3878FF53-7BE8-4CA4-8D8D-C1A3C1D0D9F7}.Debug|Any CPU.ActiveCfg = Debug|Any CPU
		{3878FF53-7BE8-4CA4-8D8D-C1A3C1D0D9F7}.Debug|Any CPU.Build.0 = Debug|Any CPU
		{3878FF53-7BE8-4CA4-8D8D-C1A3C1D0D9F7}.Release|Any CPU.ActiveCfg = Release|Any CPU
		{3878FF53-7BE8-4CA4-8D8D-C1A3C1D0D9F7}.Release|Any CPU.Build.0 = Release|Any CPU
	EndGlobalSection
	GlobalSection(SolutionProperties) = preSolution
		HideSolutionNode = FALSE
	EndGlobalSection
	GlobalSection(ExtensibilityGlobals) = postSolution
		SolutionGuid = {F682AC27-36D8-4590-A991-B24E32C35B76}
	EndGlobalSection
EndGlobal
